<?xml version="1.0" encoding="utf-8"?>
<Project ToolsVersion="4.0" xmlns="http://schemas.microsoft.com/developer/msbuild/2003">
  <ItemGroup>
    <Filter Include="Source Files">
      <UniqueIdentifier>{4FC737F1-C7A5-4376-A066-2A32D752A2FF}</UniqueIdentifier>
      <Extensions>cpp;c;cc;cxx;def;odl;idl;hpj;bat;asm;asmx</Extensions>
    </Filter>
    <Filter Include="Header Files">
      <UniqueIdentifier>{93995380-89BD-4b04-88EB-625FBE52EBFB}</UniqueIdentifier>
      <Extensions>h;hh;hpp;hxx;hm;inl;inc;ipp;xsd</Extensions>
    </Filter>
    <Filter Include="Resource Files">
      <UniqueIdentifier>{67DA6AB6-F800-4c08-8B7A-83BB121AAD01}</UniqueIdentifier>
      <Extensions>rc;ico;cur;bmp;dlg;rc2;rct;bin;rgs;gif;jpg;jpeg;jpe;resx;tiff;tif;png;wav;mfcribbon-ms</Extensions>
    </Filter>
    <Filter Include="Shaders">
      <UniqueIdentifier>{badd2c74-b8d2-4989-a73c-eb1f3c689e4f}</UniqueIdentifier>
    </Filter>
    <Filter Include="Cores">
      <UniqueIdentifier>{680f8051-75cf-4b61-9149-b2eefbf32bd8}</UniqueIdentifier>
    </Filter>
    <Filter Include="GUI">
      <UniqueIdentifier>{b30b780a-3b41-46ac-9c4c-d2f0c68323ef}</UniqueIdentifier>
    </Filter>
    <Filter Include="MiniEngineMath">
      <UniqueIdentifier>{c898ba78-9cc6-4181-8325-f70357a4c89e}</UniqueIdentifier>
    </Filter>
    <Filter Include="MyTemplateCodes">
      <UniqueIdentifier>{cbe89c0b-be4b-4757-85f8-a055ff1d01ab}</UniqueIdentifier>
    </Filter>
    <Filter Include="TiledForwardRendering">
      <UniqueIdentifier>{6e462f9e-168f-4dff-a2a2-a8935c351de0}</UniqueIdentifier>
    </Filter>
    <Filter Include="MyTemplateCodes\Model">
      <UniqueIdentifier>{db7a1564-dad2-4ce4-8f5f-22936cb6036a}</UniqueIdentifier>
    </Filter>
  </ItemGroup>
  <ItemGroup>
    <ClCompile Include="Main.cpp">
      <Filter>Source Files</Filter>
    </ClCompile>
    <ClCompile Include="Win32Application.cpp">
      <Filter>Source Files</Filter>
    </ClCompile>
    <ClCompile Include="Win32FrameWork.cpp">
      <Filter>Source Files</Filter>
    </ClCompile>
    <ClCompile Include="TiledRendering.cpp">
      <Filter>Source Files</Filter>
    </ClCompile>
    <ClCompile Include="stdafx.cpp">
      <Filter>Source Files</Filter>
    </ClCompile>
    <ClCompile Include="imgui_impl_dx12.cpp">
      <Filter>GUI</Filter>
    </ClCompile>
    <ClCompile Include="imgui_impl_win32.cpp">
      <Filter>GUI</Filter>
    </ClCompile>
    <ClCompile Include="imgui.cpp">
      <Filter>GUI</Filter>
    </ClCompile>
    <ClCompile Include="imgui_widgets.cpp">
      <Filter>GUI</Filter>
    </ClCompile>
    <ClCompile Include="imgui_demo.cpp">
      <Filter>GUI</Filter>
    </ClCompile>
    <ClCompile Include="imgui_draw.cpp">
      <Filter>GUI</Filter>
    </ClCompile>
    <ClCompile Include="Camera.cpp">
      <Filter>Source Files</Filter>
    </ClCompile>
    <ClCompile Include="..\MiniEngineMath\Frustum.cpp">
      <Filter>MiniEngineMath</Filter>
    </ClCompile>
    <ClCompile Include="CameraController.cpp">
      <Filter>Source Files</Filter>
    </ClCompile>
    <ClCompile Include="DescriptorHeap.cpp">
      <Filter>Source Files</Filter>
    </ClCompile>
    <ClCompile Include="Utility.cpp">
      <Filter>Source Files</Filter>
    </ClCompile>
    <ClCompile Include="GraphicsCore.cpp">
      <Filter>Source Files</Filter>
    </ClCompile>
    <ClCompile Include="..\Model\Model.cpp">
      <Filter>MyTemplateCodes\Model</Filter>
    </ClCompile>
    <ClCompile Include="GpuResource.cpp">
      <Filter>Source Files</Filter>
    </ClCompile>
    <ClCompile Include="GpuBuffer.cpp">
      <Filter>Source Files</Filter>
    </ClCompile>
    <ClCompile Include="Color.cpp">
      <Filter>Source Files</Filter>
    </ClCompile>
    <ClCompile Include="MyTemplateCodes\SimpleComputeShader.cpp">
      <Filter>MyTemplateCodes</Filter>
    </ClCompile>
    <ClCompile Include="DX12RootSignature.cpp">
      <Filter>Source Files</Filter>
    </ClCompile>
    <ClCompile Include="MyTemplateCodes\RawExample.cpp">
      <Filter>MyTemplateCodes</Filter>
    </ClCompile>
    <ClCompile Include="DX12PipelineState.cpp">
      <Filter>Source Files</Filter>
    </ClCompile>
    <ClCompile Include="LightCullingPass.cpp">
      <Filter>Source Files</Filter>
    </ClCompile>
    <ClCompile Include="DX12ResStruct.cpp">
      <Filter>Source Files</Filter>
    </ClCompile>
    <ClCompile Include="CommandContext.cpp">
      <Filter>Source Files</Filter>
    </ClCompile>
    <ClCompile Include="DynamicDescriptorHeap.cpp">
      <Filter>Source Files</Filter>
    </ClCompile>
    <ClCompile Include="CommandSignature.cpp">
      <Filter>Source Files</Filter>
    </ClCompile>
    <ClCompile Include="CommandListManager.cpp">
      <Filter>Source Files</Filter>
    </ClCompile>
    <ClCompile Include="CommandAllocatorPool.cpp">
      <Filter>Source Files</Filter>
    </ClCompile>
    <ClCompile Include="DX12LinearAllocator.cpp">
      <Filter>Source Files</Filter>
    </ClCompile>
    <ClCompile Include="DX12GraphicsCommon.cpp">
      <Filter>Source Files</Filter>
    </ClCompile>
    <ClCompile Include="SamplerManager.cpp">
      <Filter>Source Files</Filter>
    </ClCompile>
    <ClCompile Include="GUICore.cpp">
      <Filter>Source Files</Filter>
    </ClCompile>
    <ClCompile Include="CPUProfiler.cpp">
      <Filter>Source Files</Filter>
    </ClCompile>
    <ClCompile Include="GpuProfiler.cpp">
      <Filter>Source Files</Filter>
    </ClCompile>
  </ItemGroup>
  <ItemGroup>
    <ClInclude Include="stdafx.h">
      <Filter>Header Files</Filter>
    </ClInclude>
    <ClInclude Include="d3dx12.h">
      <Filter>Header Files</Filter>
    </ClInclude>
    <ClInclude Include="Win32Application.h">
      <Filter>Header Files</Filter>
    </ClInclude>
    <ClInclude Include="Win32FrameWork.h">
      <Filter>Header Files</Filter>
    </ClInclude>
    <ClInclude Include="DXSampleHelper.h">
      <Filter>Header Files</Filter>
    </ClInclude>
    <ClInclude Include="TiledRendering.h">
      <Filter>Header Files</Filter>
    </ClInclude>
    <ClInclude Include="imgui_impl_dx12.h">
      <Filter>GUI</Filter>
    </ClInclude>
    <ClInclude Include="imgui_impl_win32.h">
      <Filter>GUI</Filter>
    </ClInclude>
    <ClInclude Include="imgui.h">
      <Filter>GUI</Filter>
    </ClInclude>
    <ClInclude Include="imgui_internal.h">
      <Filter>GUI</Filter>
    </ClInclude>
    <ClInclude Include="imstb_rectpack.h">
      <Filter>GUI</Filter>
    </ClInclude>
    <ClInclude Include="imstb_textedit.h">
      <Filter>GUI</Filter>
    </ClInclude>
    <ClInclude Include="imstb_truetype.h">
      <Filter>GUI</Filter>
    </ClInclude>
    <ClInclude Include="imconfig.h">
      <Filter>GUI</Filter>
    </ClInclude>
    <ClInclude Include="Camera.h">
      <Filter>Header Files</Filter>
    </ClInclude>
    <ClInclude Include="VectorMath.h">
      <Filter>Header Files</Filter>
    </ClInclude>
    <ClInclude Include="..\MiniEngineMath\Frustum.h">
      <Filter>MiniEngineMath</Filter>
    </ClInclude>
    <ClInclude Include="..\MiniEngineMath\Matrix3.h">
      <Filter>MiniEngineMath</Filter>
    </ClInclude>
    <ClInclude Include="..\MiniEngineMath\Matrix4.h">
      <Filter>MiniEngineMath</Filter>
    </ClInclude>
    <ClInclude Include="..\MiniEngineMath\Quaternion.h">
      <Filter>MiniEngineMath</Filter>
    </ClInclude>
    <ClInclude Include="..\MiniEngineMath\Scalar.h">
      <Filter>MiniEngineMath</Filter>
    </ClInclude>
    <ClInclude Include="..\MiniEngineMath\Transform.h">
      <Filter>MiniEngineMath</Filter>
    </ClInclude>
    <ClInclude Include="..\MiniEngineMath\Vector.h">
      <Filter>MiniEngineMath</Filter>
    </ClInclude>
    <ClInclude Include="..\MiniEngineMath\Common.h">
      <Filter>MiniEngineMath</Filter>
    </ClInclude>
    <ClInclude Include="..\MiniEngineMath\BoundingPlane.h">
      <Filter>MiniEngineMath</Filter>
    </ClInclude>
    <ClInclude Include="..\MiniEngineMath\BoundingSphere.h">
      <Filter>MiniEngineMath</Filter>
    </ClInclude>
    <ClInclude Include="CameraController.h">
      <Filter>Header Files</Filter>
    </ClInclude>
    <ClInclude Include="DescriptorHeap.h">
      <Filter>Header Files</Filter>
    </ClInclude>
    <ClInclude Include="Utility.h">
      <Filter>Header Files</Filter>
    </ClInclude>
    <ClInclude Include="GraphicsCore.h">
      <Filter>Header Files</Filter>
    </ClInclude>
    <ClInclude Include="..\Model\Model.h">
      <Filter>MyTemplateCodes\Model</Filter>
    </ClInclude>
    <ClInclude Include="..\Model\OBJ_Loader.h">
      <Filter>MyTemplateCodes\Model</Filter>
    </ClInclude>
    <ClInclude Include="GpuResource.h">
      <Filter>Header Files</Filter>
    </ClInclude>
    <ClInclude Include="GpuBuffer.h">
      <Filter>Header Files</Filter>
    </ClInclude>
    <ClInclude Include="Color.h">
      <Filter>Header Files</Filter>
    </ClInclude>
    <ClInclude Include="MyTemplateCodes\SimpleComputeShader.h">
      <Filter>MyTemplateCodes</Filter>
    </ClInclude>
    <ClInclude Include="DX12RootSignature.h">
      <Filter>Header Files</Filter>
    </ClInclude>
    <ClInclude Include="Hash.h">
      <Filter>Header Files</Filter>
    </ClInclude>
    <ClInclude Include="MyTemplateCodes\RawExample.h">
      <Filter>MyTemplateCodes</Filter>
    </ClInclude>
    <ClInclude Include="DX12PipelineState.h">
      <Filter>Header Files</Filter>
    </ClInclude>
    <ClInclude Include="Lights.h">
      <Filter>Header Files</Filter>
    </ClInclude>
    <ClInclude Include="LightCullingPass.h">
      <Filter>Header Files</Filter>
    </ClInclude>
    <ClInclude Include="DX12ResStruct.h">
      <Filter>Header Files</Filter>
    </ClInclude>
    <ClInclude Include="CommandContext.h">
      <Filter>Header Files</Filter>
    </ClInclude>
    <ClInclude Include="DynamicDescriptorHeap.h">
      <Filter>Header Files</Filter>
    </ClInclude>
    <ClInclude Include="CommandSignature.h">
      <Filter>Header Files</Filter>
    </ClInclude>
    <ClInclude Include="CommandListManager.h">
      <Filter>Header Files</Filter>
    </ClInclude>
    <ClInclude Include="CommandAllocatorPool.h">
      <Filter>Header Files</Filter>
    </ClInclude>
    <ClInclude Include="DX12LinearAllocator.h">
      <Filter>Header Files</Filter>
    </ClInclude>
    <ClInclude Include="DX12GraphicsCommon.h">
      <Filter>Header Files</Filter>
    </ClInclude>
    <ClInclude Include="SamplerManager.h">
      <Filter>Header Files</Filter>
    </ClInclude>
    <ClInclude Include="GUICore.h">
      <Filter>Header Files</Filter>
    </ClInclude>
    <ClInclude Include="CPUProfiler.h">
      <Filter>Header Files</Filter>
    </ClInclude>
    <ClInclude Include="GpuProfiler.h">
      <Filter>Header Files</Filter>
    </ClInclude>
  </ItemGroup>
  <ItemGroup>
    <FxCompile Include="shaders.hlsl">
      <Filter>Shaders</Filter>
    </FxCompile>
    <FxCompile Include="csShader.hlsl">
      <Filter>Shaders</Filter>
    </FxCompile>
    <FxCompile Include="GridFrustumPass.hlsl">
      <Filter>Shaders</Filter>
    </FxCompile>
    <FxCompile Include="LightCullingPass.hlsl">
      <Filter>Shaders</Filter>
    </FxCompile>
    <FxCompile Include="CommonIncl.hlsli">
      <Filter>Shaders</Filter>
    </FxCompile>
    <FxCompile Include="BGSquareShader.hlsl">
      <Filter>Shaders</Filter>
    </FxCompile>
  </ItemGroup>
  <ItemGroup>
    <None Include="..\MiniEngineMath\Functions.inl">
      <Filter>MiniEngineMath</Filter>
    </None>
    <None Include="TextureConverterEnum.hlsli">
      <Filter>Header Files</Filter>
    </None>
  </ItemGroup>
</Project>